
Microsoft Visual Studio Solution File, Format Version 12.00
# Visual Studio Version 16
VisualStudioVersion = 16.0.30804.86
MinimumVisualStudioVersion = 10.0.40219.1
Project("{9A19103F-16F7-4668-BE54-9A1E7A4F7556}") = "zoft.NotificationService", "zoft.NotificationService.csproj", "{58330314-A48E-48A8-B7B3-49EE9205A7B0}"
EndProject
Project("{2150E333-8FDC-42A3-9474-1A3956D46DE8}") = "Solution Items", "Solution Items", "{A9889C90-6705-48F6-BCDD-C26443C2EFB9}"
	ProjectSection(SolutionItems) = preProject
		.editorconfig = .editorconfig
	EndProjectSection
EndProject
Global
	GlobalSection(SolutionConfigurationPlatforms) = preSolution
		Debug|Any CPU = Debug|Any CPU
		Release|Any CPU = Release|Any CPU
	EndGlobalSection
	GlobalSection(ProjectConfigurationPlatforms) = postSolution
		{58330314-A48E-48A8-B7B3-49EE9205A7B0}.Debug|Any CPU.ActiveCfg = Debug|Any CPU
		{58330314-A48E-48A8-B7B3-49EE9205A7B0}.Debug|Any CPU.Build.0 = Debug|Any CPU
		{58330314-A48E-48A8-B7B3-49EE9205A7B0}.Release|Any CPU.ActiveCfg = Release|Any CPU
		{58330314-A48E-48A8-B7B3-49EE9205A7B0}.Release|Any CPU.Build.0 = Release|Any CPU
	EndGlobalSection
	GlobalSection(SolutionProperties) = preSolution
		HideSolutionNode = FALSE
	EndGlobalSection
	GlobalSection(ExtensibilityGlobals) = postSolution
		SolutionGuid = {8F9ADDA9-1DEB-42A8-BD70-421AE37DE278}
	EndGlobalSection
EndGlobal
